
Microsoft Visual Studio Solution File, Format Version 12.00
# Visual Studio 15
Project("{FAE04EC0-301F-11D3-BF4B-00C04F79EFBC}") = "Assembly-CSharp", "Assembly-CSharp.csproj", "{6BA14257-D446-CD6B-6ACF-AC9301D392EC}"
EndProject
Project("{FAE04EC0-301F-11D3-BF4B-00C04F79EFBC}") = "Unity.2D.Tilemap.Extras.Editor", "Unity.2D.Tilemap.Extras.Editor.csproj", "{063BD572-C3F3-9B3F-37FB-07D28D7BB93A}"
EndProject
Project("{FAE04EC0-301F-11D3-BF4B-00C04F79EFBC}") = "Unity.2D.Tilemap.Extras", "Unity.2D.Tilemap.Extras.csproj", "{02DF75D3-ED8E-E69D-C800-BFE17BCE7BDF}"
EndProject
Global
	GlobalSection(SolutionConfigurationPlatforms) = preSolution
		Debug|Any CPU = Debug|Any CPU
		Release|Any CPU = Release|Any CPU
	EndGlobalSection
	GlobalSection(ProjectConfigurationPlatforms) = postSolution
		{6BA14257-D446-CD6B-6ACF-AC9301D392EC}.Debug|Any CPU.ActiveCfg = Debug|Any CPU
		{6BA14257-D446-CD6B-6ACF-AC9301D392EC}.Debug|Any CPU.Build.0 = Debug|Any CPU
		{6BA14257-D446-CD6B-6ACF-AC9301D392EC}.Release|Any CPU.ActiveCfg = Release|Any CPU
		{6BA14257-D446-CD6B-6ACF-AC9301D392EC}.Release|Any CPU.Build.0 = Release|Any CPU
		{063BD572-C3F3-9B3F-37FB-07D28D7BB93A}.Debug|Any CPU.ActiveCfg = Debug|Any CPU
		{063BD572-C3F3-9B3F-37FB-07D28D7BB93A}.Debug|Any CPU.Build.0 = Debug|Any CPU
		{063BD572-C3F3-9B3F-37FB-07D28D7BB93A}.Release|Any CPU.ActiveCfg = Release|Any CPU
		{063BD572-C3F3-9B3F-37FB-07D28D7BB93A}.Release|Any CPU.Build.0 = Release|Any CPU
		{02DF75D3-ED8E-E69D-C800-BFE17BCE7BDF}.Debug|Any CPU.ActiveCfg = Debug|Any CPU
		{02DF75D3-ED8E-E69D-C800-BFE17BCE7BDF}.Debug|Any CPU.Build.0 = Debug|Any CPU
		{02DF75D3-ED8E-E69D-C800-BFE17BCE7BDF}.Release|Any CPU.ActiveCfg = Release|Any CPU
		{02DF75D3-ED8E-E69D-C800-BFE17BCE7BDF}.Release|Any CPU.Build.0 = Release|Any CPU
	EndGlobalSection
	GlobalSection(SolutionProperties) = preSolution
		HideSolutionNode = FALSE
	EndGlobalSection
EndGlobal
